# THIS IS AN AUTOGENERATED FILE. DO NOT EDIT THIS FILE DIRECTLY.
# yarn lockfile v1


"@dokuhero/debug@^0.0.1":
  version "0.0.1"
  resolved "https://registry.yarnpkg.com/@dokuhero/debug/-/debug-0.0.1.tgz#22e54a77e0bf81d2ccdd117dcc76492646de3cdc"

"@types/expo@^27.0.8":
  version "27.0.8"
  resolved "https://registry.yarnpkg.com/@types/expo/-/expo-27.0.8.tgz#c8780b665eb5785689e6444c23a8ae2c9bd39e07"
  dependencies:
    "@types/fbemitter" "*"
    "@types/react" "*"
    "@types/react-native" "*"

"@types/fbemitter@*":
  version "2.0.32"
  resolved "https://registry.yarnpkg.com/@types/fbemitter/-/fbemitter-2.0.32.tgz#8ed204da0f54e9c8eaec31b1eec91e25132d082c"

"@types/node@^10.9.4":
  version "10.9.4"
  resolved "https://registry.yarnpkg.com/@types/node/-/node-10.9.4.tgz#0f4cb2dc7c1de6096055357f70179043c33e9897"

"@types/prop-types@*":
  version "15.5.5"
  resolved "https://registry.yarnpkg.com/@types/prop-types/-/prop-types-15.5.5.tgz#17038dd322c2325f5da650a94d5f9974943625e3"
  dependencies:
    "@types/react" "*"

"@types/react-native@*":
  version "0.56.17"
  resolved "https://registry.yarnpkg.com/@types/react-native/-/react-native-0.56.17.tgz#372f471c3202ffa754df86cfcb13b90aed67cc13"
  dependencies:
    "@types/react" "*"

"@types/react@*":
  version "16.4.13"
  resolved "https://registry.yarnpkg.com/@types/react/-/react-16.4.13.tgz#1385f5dc3486aa493849a32ccce626a817543e28"
  dependencies:
    "@types/prop-types" "*"
    csstype "^2.2.0"

csstype@^2.2.0:
  version "2.5.6"
  resolved "https://registry.yarnpkg.com/csstype/-/csstype-2.5.6.tgz#2ae1db2319642d8b80a668d2d025c6196071e788"

prettier@^1.14.2:
  version "1.14.2"
  resolved "https://registry.yarnpkg.com/prettier/-/prettier-1.14.2.tgz#0ac1c6e1a90baa22a62925f41963c841983282f9"

reflect-metadata@^0.1.12:
  version "0.1.12"
  resolved "https://registry.yarnpkg.com/reflect-metadata/-/reflect-metadata-0.1.12.tgz#311bf0c6b63cd782f228a81abe146a2bfa9c56f2"

typescript@^3.0.3:
  version "3.0.3"
  resolved "https://registry.yarnpkg.com/typescript/-/typescript-3.0.3.tgz#4853b3e275ecdaa27f78fda46dc273a7eb7fc1c8"
